
Microsoft Visual Studio Solution File, Format Version 12.00
# Visual Studio Version 16
VisualStudioVersion = 16.0.29424.173
MinimumVisualStudioVersion = 10.0.40219.1
Project("{FAE04EC0-301F-11D3-BF4B-00C04F79EFBC}") = "OpentextLogs", "WindowsFormsApp1\OpentextLogs.csproj", "{D3C8BA41-4F03-4E2E-A2D6-04CBEF2D3D4B}"
EndProject
Global
	GlobalSection(SolutionConfigurationPlatforms) = preSolution
		Debug|Any CPU = Debug|Any CPU
		Release|Any CPU = Release|Any CPU
	EndGlobalSection
	GlobalSection(ProjectConfigurationPlatforms) = postSolution
		{D3C8BA41-4F03-4E2E-A2D6-04CBEF2D3D4B}.Debug|Any CPU.ActiveCfg = Release|Any CPU
		{D3C8BA41-4F03-4E2E-A2D6-04CBEF2D3D4B}.Debug|Any CPU.Build.0 = Release|Any CPU
		{D3C8BA41-4F03-4E2E-A2D6-04CBEF2D3D4B}.Release|Any CPU.ActiveCfg = Release|Any CPU
		{D3C8BA41-4F03-4E2E-A2D6-04CBEF2D3D4B}.Release|Any CPU.Build.0 = Release|Any CPU
	EndGlobalSection
	GlobalSection(SolutionProperties) = preSolution
		HideSolutionNode = FALSE
	EndGlobalSection
	GlobalSection(ExtensibilityGlobals) = postSolution
		SolutionGuid = {33E4A3FC-1D54-4BEA-82DF-F80473CE497B}
	EndGlobalSection
EndGlobal
